# This file is automatically @generated by Cargo.
# It is not intended for manual editing.
version = 4

[[package]]
name = "e"
version = "0.1.0"
dependencies = [
 "libc",
 "regex-lite",
 "termion",
]

[[package]]
name = "libc"
version = "0.2.182"
source = "registry+https://github.com/rust-lang/crates.io-index"
checksum = "6800badb6cb2082ffd7b6a67e6125bb39f18782f793520caee8cb8846be06112"

[[package]]
name = "numtoa"
version = "0.2.4"
source = "registry+https://github.com/rust-lang/crates.io-index"
checksum = "6aa2c4e539b869820a2b82e1aef6ff40aa85e65decdd5185e83fb4b1249cd00f"

[[package]]
name = "regex-lite"
version = "0.1.9"
source = "registry+https://github.com/rust-lang/crates.io-index"
checksum = "cab834c73d247e67f4fae452806d17d3c7501756d98c8808d7c9c7aa7d18f973"

[[package]]
name = "termion"
version = "4.0.6"
source = "registry+https://github.com/rust-lang/crates.io-index"
checksum = "f44138a9ae08f0f502f24104d82517ef4da7330c35acd638f1f29d3cd5475ecb"
dependencies = [
 "libc",
 "numtoa",
]
